
Microsoft Visual Studio Solution File, Format Version 12.00
# Visual Studio Version 17
VisualStudioVersion = 17.4.33205.214
MinimumVisualStudioVersion = 10.0.40219.1
Project("{9A19103F-16F7-4668-BE54-9A1E7A4F7556}") = "Console", "Console\Console.csproj", "{F6BBE6C0-D37D-42A5-A3C9-0361CA2972EC}"
EndProject
Project("{2150E333-8FDC-42A3-9474-1A3956D46DE8}") = "Solution Items", "Solution Items", "{172F6914-EF70-41C9-B0D6-611D5AB754F4}"
	ProjectSection(SolutionItems) = preProject
		.editorconfig = .editorconfig
	EndProjectSection
EndProject
Global
	GlobalSection(SolutionConfigurationPlatforms) = preSolution
		Debug|Any CPU = Debug|Any CPU
		Release|Any CPU = Release|Any CPU
	EndGlobalSection
	GlobalSection(ProjectConfigurationPlatforms) = postSolution
		{F6BBE6C0-D37D-42A5-A3C9-0361CA2972EC}.Debug|Any CPU.ActiveCfg = Debug|Any CPU
		{F6BBE6C0-D37D-42A5-A3C9-0361CA2972EC}.Debug|Any CPU.Build.0 = Debug|Any CPU
		{F6BBE6C0-D37D-42A5-A3C9-0361CA2972EC}.Release|Any CPU.ActiveCfg = Release|Any CPU
		{F6BBE6C0-D37D-42A5-A3C9-0361CA2972EC}.Release|Any CPU.Build.0 = Release|Any CPU
	EndGlobalSection
	GlobalSection(SolutionProperties) = preSolution
		HideSolutionNode = FALSE
	EndGlobalSection
	GlobalSection(ExtensibilityGlobals) = postSolution
		SolutionGuid = {7C22603F-0A39-4DF0-9199-BDD16E6B6DF8}
	EndGlobalSection
EndGlobal
